{
  "name": "miniprogram",
  "version": "1.0.0",
  "lockfileVersion": 1,
  "requires": true,
  "dependencies": {
    "html-docx-js": {
      "version": "0.3.1",
      "resolved": "https://registry.npmjs.org/html-docx-js/-/html-docx-js-0.3.1.tgz",
      "integrity": "sha1-lxP2WHoI0fDIeoAf52SaTQqwfXY=",
      "requires": {
        "jszip": "^2.3.0",
        "lodash.escape": "^3.0.0",
        "lodash.merge": "^3.2.0"
      }
    },
    "jszip": {
      "version": "2.7.0",
      "resolved": "https://registry.npmjs.org/jszip/-/jszip-2.7.0.tgz",
      "integrity": "sha512-JIsRKRVC3gTRo2vM4Wy9WBC3TRcfnIZU8k65Phi3izkvPH975FowRYtKGT6PxevA0XnJ/yO8b0QwV0ydVyQwfw==",
      "requires": {
        "pako": "~1.0.2"
      }
    },
    "lodash._arraycopy": {
      "version": "3.0.0",
      "resolved": "https://registry.npmjs.org/lodash._arraycopy/-/lodash._arraycopy-3.0.0.tgz",
      "integrity": "sha1-due3wfH7klRzdIeKVi7Qaj5Q9uE="
    },
    "lodash._arrayeach": {
      "version": "3.0.0",
      "resolved": "https://registry.npmjs.org/lodash._arrayeach/-/lodash._arrayeach-3.0.0.tgz",
      "integrity": "sha1-urFWsqkNPxu9XGU0AzSeXlkz754="
    },
    "lodash._basecopy": {
      "version": "3.0.1",
      "resolved": "https://registry.npmjs.org/lodash._basecopy/-/lodash._basecopy-3.0.1.tgz",
      "integrity": "sha1-jaDmqHbPNEwK2KVIghEd08XHyjY="
    },
    "lodash._basefor": {
      "version": "3.0.3",
      "resolved": "https://registry.npmjs.org/lodash._basefor/-/lodash._basefor-3.0.3.tgz",
      "integrity": "sha1-dVC06SGO8J+tJDQ7YSAhx5tMIMI="
    },
    "lodash._bindcallback": {
      "version": "3.0.1",
      "resolved": "https://registry.npmjs.org/lodash._bindcallback/-/lodash._bindcallback-3.0.1.tgz",
      "integrity": "sha1-5THCdkTPi1epnhftlbNcdIeJOS4="
    },
    "lodash._createassigner": {
      "version": "3.1.1",
      "resolved": "https://registry.npmjs.org/lodash._createassigner/-/lodash._createassigner-3.1.1.tgz",
      "integrity": "sha1-g4pbri/aymOsIt7o4Z+k5taXCxE=",
      "requires": {
        "lodash._bindcallback": "^3.0.0",
        "lodash._isiterateecall": "^3.0.0",
        "lodash.restparam": "^3.0.0"
      }
    },
    "lodash._getnative": {
      "version": "3.9.1",
      "resolved": "https://registry.npmjs.org/lodash._getnative/-/lodash._getnative-3.9.1.tgz",
      "integrity": "sha1-VwvH3t5G1hzc3mh9ZdPuy6o6r/U="
    },
    "lodash._isiterateecall": {
      "version": "3.0.9",
      "resolved": "https://registry.npmjs.org/lodash._isiterateecall/-/lodash._isiterateecall-3.0.9.tgz",
      "integrity": "sha1-UgOte6Ql+uhCRg5pbbnPPmqsBXw="
    },
    "lodash._root": {
      "version": "3.0.1",
      "resolved": "https://registry.npmjs.org/lodash._root/-/lodash._root-3.0.1.tgz",
      "integrity": "sha1-+6HEUkwZ7ppfgTa0YJ8BfPTe1pI="
    },
    "lodash.escape": {
      "version": "3.2.0",
      "resolved": "https://registry.npmjs.org/lodash.escape/-/lodash.escape-3.2.0.tgz",
      "integrity": "sha1-mV7g3BjBtIzJLv+ucaEKq1tIdpg=",
      "requires": {
        "lodash._root": "^3.0.0"
      }
    },
    "lodash.isarguments": {
      "version": "3.1.0",
      "resolved": "https://registry.npmjs.org/lodash.isarguments/-/lodash.isarguments-3.1.0.tgz",
      "integrity": "sha1-L1c9hcaiQon/AGY7SRwdM4/zRYo="
    },
    "lodash.isarray": {
      "version": "3.0.4",
      "resolved": "https://registry.npmjs.org/lodash.isarray/-/lodash.isarray-3.0.4.tgz",
      "integrity": "sha1-eeTriMNqgSKvhvhEqpvNhRtfu1U="
    },
    "lodash.isplainobject": {
      "version": "3.2.0",
      "resolved": "https://registry.npmjs.org/lodash.isplainobject/-/lodash.isplainobject-3.2.0.tgz",
      "integrity": "sha1-moI4rhayAEMpYM1zRlEtASP79MU=",
      "requires": {
        "lodash._basefor": "^3.0.0",
        "lodash.isarguments": "^3.0.0",
        "lodash.keysin": "^3.0.0"
      }
    },
    "lodash.istypedarray": {
      "version": "3.0.6",
      "resolved": "https://registry.npmjs.org/lodash.istypedarray/-/lodash.istypedarray-3.0.6.tgz",
      "integrity": "sha1-yaR3SYYHUB2OhJTSg7h8OSgc72I="
    },
    "lodash.keys": {
      "version": "3.1.2",
      "resolved": "https://registry.npmjs.org/lodash.keys/-/lodash.keys-3.1.2.tgz",
      "integrity": "sha1-TbwEcrFWvlCgsoaFXRvQsMZWCYo=",
      "requires": {
        "lodash._getnative": "^3.0.0",
        "lodash.isarguments": "^3.0.0",
        "lodash.isarray": "^3.0.0"
      }
    },
    "lodash.keysin": {
      "version": "3.0.8",
      "resolved": "https://registry.npmjs.org/lodash.keysin/-/lodash.keysin-3.0.8.tgz",
      "integrity": "sha1-IsRJPrvtsUJ5YqVLRFssinZ/tH8=",
      "requires": {
        "lodash.isarguments": "^3.0.0",
        "lodash.isarray": "^3.0.0"
      }
    },
    "lodash.merge": {
      "version": "3.3.2",
      "resolved": "https://registry.npmjs.org/lodash.merge/-/lodash.merge-3.3.2.tgz",
      "integrity": "sha1-DZDZPtY3sYeEN7s+IWASYNev6ZQ=",
      "requires": {
        "lodash._arraycopy": "^3.0.0",
        "lodash._arrayeach": "^3.0.0",
        "lodash._createassigner": "^3.0.0",
        "lodash._getnative": "^3.0.0",
        "lodash.isarguments": "^3.0.0",
        "lodash.isarray": "^3.0.0",
        "lodash.isplainobject": "^3.0.0",
        "lodash.istypedarray": "^3.0.0",
        "lodash.keys": "^3.0.0",
        "lodash.keysin": "^3.0.0",
        "lodash.toplainobject": "^3.0.0"
      }
    },
    "lodash.restparam": {
      "version": "3.6.1",
      "resolved": "https://registry.npmjs.org/lodash.restparam/-/lodash.restparam-3.6.1.tgz",
      "integrity": "sha1-k2pOMJ7zMKdkXtQUWYbIWuWyCAU="
    },
    "lodash.toplainobject": {
      "version": "3.0.0",
      "resolved": "https://registry.npmjs.org/lodash.toplainobject/-/lodash.toplainobject-3.0.0.tgz",
      "integrity": "sha1-KHkK2ULSk9eKpmOgfs9/UsoEGY0=",
      "requires": {
        "lodash._basecopy": "^3.0.0",
        "lodash.keysin": "^3.0.0"
      }
    },
    "pako": {
      "version": "1.0.11",
      "resolved": "https://registry.npmjs.org/pako/-/pako-1.0.11.tgz",
      "integrity": "sha512-4hLB8Py4zZce5s4yd9XzopqwVv/yGNhV1Bl8NTmCq1763HeK2+EwVTv+leGeL13Dnh2wfbqowVPXCIO0z4taYw=="
    }
  }
}
